
Microsoft Visual Studio Solution File, Format Version 12.00
# Visual Studio Version 17
VisualStudioVersion = 17.3.32811.315
MinimumVisualStudioVersion = 10.0.40219.1
Project("{FAE04EC0-301F-11D3-BF4B-00C04F79EFBC}") = "ConsoleApp", "ConsoleApp\ConsoleApp.csproj", "{10B261C5-9D1F-4C62-BF1B-03C7475073A9}"
EndProject
Project("{FAE04EC0-301F-11D3-BF4B-00C04F79EFBC}") = "DataApp", "DataApp\DataApp.csproj", "{D6BD1A08-A7BD-4A06-8A0D-C0D3E8C4C581}"
EndProject
Project("{9A19103F-16F7-4668-BE54-9A1E7A4F7556}") = "WebApp", "WebApp\WebApp.csproj", "{2CEC948E-7DBE-4C9A-8646-C71C6A15E9A3}"
EndProject
Project("{FAE04EC0-301F-11D3-BF4B-00C04F79EFBC}") = "WindowsFormsApp", "WindowsFormsApp\WindowsFormsApp.csproj", "{B337B668-D7C0-419C-B298-52BB97A76751}"
EndProject
Project("{FAE04EC0-301F-11D3-BF4B-00C04F79EFBC}") = "EstruturasDecisaoRepeticao", "EstruturasDecisaoRepeticao\EstruturasDecisaoRepeticao.csproj", "{37625AA8-382F-4B5F-8045-CFF1002D3367}"
EndProject
Project("{FAE04EC0-301F-11D3-BF4B-00C04F79EFBC}") = "AtividadeEstruturas", "AtividadeEstruturas\AtividadeEstruturas.csproj", "{0D39EA8B-E0AB-43B7-8333-60C474366871}"
EndProject
Project("{FAE04EC0-301F-11D3-BF4B-00C04F79EFBC}") = "CadastroBebidas", "CadastroBebidas\CadastroBebidas.csproj", "{EA033323-E080-47C6-8FE2-C1EE94DE5B47}"
EndProject
Project("{FAE04EC0-301F-11D3-BF4B-00C04F79EFBC}") = "CadastroProduto", "CadastroProduto\CadastroProduto.csproj", "{7A0E872D-C10F-45D6-A0B7-0C73AA5ED572}"
EndProject
Project("{9A19103F-16F7-4668-BE54-9A1E7A4F7556}") = "CadastroProdutosWeb", "CadastroProdutosWeb\CadastroProdutosWeb.csproj", "{3BC4F6A1-A1A8-4C51-B64E-68CEFB14D973}"
EndProject
Project("{FAE04EC0-301F-11D3-BF4B-00C04F79EFBC}") = "AtividadeEstruturas.Data", "AtividadeEstruturas.Data\AtividadeEstruturas.Data.csproj", "{8A023970-697A-4E42-BA5A-0A9025C9B1E5}"
EndProject
Project("{FAE04EC0-301F-11D3-BF4B-00C04F79EFBC}") = "AtividadeEstrutura.Web", "AtividadeEstrutura.Web\AtividadeEstrutura.Web.csproj", "{B40DB714-4F07-4606-914C-E96F4D7630CC}"
EndProject
Global
	GlobalSection(SolutionConfigurationPlatforms) = preSolution
		Debug|Any CPU = Debug|Any CPU
		Release|Any CPU = Release|Any CPU
	EndGlobalSection
	GlobalSection(ProjectConfigurationPlatforms) = postSolution
		{10B261C5-9D1F-4C62-BF1B-03C7475073A9}.Debug|Any CPU.ActiveCfg = Debug|Any CPU
		{10B261C5-9D1F-4C62-BF1B-03C7475073A9}.Debug|Any CPU.Build.0 = Debug|Any CPU
		{10B261C5-9D1F-4C62-BF1B-03C7475073A9}.Release|Any CPU.ActiveCfg = Release|Any CPU
		{10B261C5-9D1F-4C62-BF1B-03C7475073A9}.Release|Any CPU.Build.0 = Release|Any CPU
		{D6BD1A08-A7BD-4A06-8A0D-C0D3E8C4C581}.Debug|Any CPU.ActiveCfg = Debug|Any CPU
		{D6BD1A08-A7BD-4A06-8A0D-C0D3E8C4C581}.Debug|Any CPU.Build.0 = Debug|Any CPU
		{D6BD1A08-A7BD-4A06-8A0D-C0D3E8C4C581}.Release|Any CPU.ActiveCfg = Release|Any CPU
		{D6BD1A08-A7BD-4A06-8A0D-C0D3E8C4C581}.Release|Any CPU.Build.0 = Release|Any CPU
		{2CEC948E-7DBE-4C9A-8646-C71C6A15E9A3}.Debug|Any CPU.ActiveCfg = Debug|Any CPU
		{2CEC948E-7DBE-4C9A-8646-C71C6A15E9A3}.Debug|Any CPU.Build.0 = Debug|Any CPU
		{2CEC948E-7DBE-4C9A-8646-C71C6A15E9A3}.Release|Any CPU.ActiveCfg = Release|Any CPU
		{2CEC948E-7DBE-4C9A-8646-C71C6A15E9A3}.Release|Any CPU.Build.0 = Release|Any CPU
		{B337B668-D7C0-419C-B298-52BB97A76751}.Debug|Any CPU.ActiveCfg = Debug|Any CPU
		{B337B668-D7C0-419C-B298-52BB97A76751}.Debug|Any CPU.Build.0 = Debug|Any CPU
		{B337B668-D7C0-419C-B298-52BB97A76751}.Release|Any CPU.ActiveCfg = Release|Any CPU
		{B337B668-D7C0-419C-B298-52BB97A76751}.Release|Any CPU.Build.0 = Release|Any CPU
		{37625AA8-382F-4B5F-8045-CFF1002D3367}.Debug|Any CPU.ActiveCfg = Debug|Any CPU
		{37625AA8-382F-4B5F-8045-CFF1002D3367}.Debug|Any CPU.Build.0 = Debug|Any CPU
		{37625AA8-382F-4B5F-8045-CFF1002D3367}.Release|Any CPU.ActiveCfg = Release|Any CPU
		{37625AA8-382F-4B5F-8045-CFF1002D3367}.Release|Any CPU.Build.0 = Release|Any CPU
		{0D39EA8B-E0AB-43B7-8333-60C474366871}.Debug|Any CPU.ActiveCfg = Debug|Any CPU
		{0D39EA8B-E0AB-43B7-8333-60C474366871}.Debug|Any CPU.Build.0 = Debug|Any CPU
		{0D39EA8B-E0AB-43B7-8333-60C474366871}.Release|Any CPU.ActiveCfg = Release|Any CPU
		{0D39EA8B-E0AB-43B7-8333-60C474366871}.Release|Any CPU.Build.0 = Release|Any CPU
		{EA033323-E080-47C6-8FE2-C1EE94DE5B47}.Debug|Any CPU.ActiveCfg = Debug|Any CPU
		{EA033323-E080-47C6-8FE2-C1EE94DE5B47}.Debug|Any CPU.Build.0 = Debug|Any CPU
		{EA033323-E080-47C6-8FE2-C1EE94DE5B47}.Release|Any CPU.ActiveCfg = Release|Any CPU
		{EA033323-E080-47C6-8FE2-C1EE94DE5B47}.Release|Any CPU.Build.0 = Release|Any CPU
		{7A0E872D-C10F-45D6-A0B7-0C73AA5ED572}.Debug|Any CPU.ActiveCfg = Debug|Any CPU
		{7A0E872D-C10F-45D6-A0B7-0C73AA5ED572}.Debug|Any CPU.Build.0 = Debug|Any CPU
		{7A0E872D-C10F-45D6-A0B7-0C73AA5ED572}.Release|Any CPU.ActiveCfg = Release|Any CPU
		{7A0E872D-C10F-45D6-A0B7-0C73AA5ED572}.Release|Any CPU.Build.0 = Release|Any CPU
		{3BC4F6A1-A1A8-4C51-B64E-68CEFB14D973}.Debug|Any CPU.ActiveCfg = Debug|Any CPU
		{3BC4F6A1-A1A8-4C51-B64E-68CEFB14D973}.Debug|Any CPU.Build.0 = Debug|Any CPU
		{3BC4F6A1-A1A8-4C51-B64E-68CEFB14D973}.Release|Any CPU.ActiveCfg = Release|Any CPU
		{3BC4F6A1-A1A8-4C51-B64E-68CEFB14D973}.Release|Any CPU.Build.0 = Release|Any CPU
		{8A023970-697A-4E42-BA5A-0A9025C9B1E5}.Debug|Any CPU.ActiveCfg = Debug|Any CPU
		{8A023970-697A-4E42-BA5A-0A9025C9B1E5}.Debug|Any CPU.Build.0 = Debug|Any CPU
		{8A023970-697A-4E42-BA5A-0A9025C9B1E5}.Release|Any CPU.ActiveCfg = Release|Any CPU
		{8A023970-697A-4E42-BA5A-0A9025C9B1E5}.Release|Any CPU.Build.0 = Release|Any CPU
		{B40DB714-4F07-4606-914C-E96F4D7630CC}.Debug|Any CPU.ActiveCfg = Debug|Any CPU
		{B40DB714-4F07-4606-914C-E96F4D7630CC}.Debug|Any CPU.Build.0 = Debug|Any CPU
		{B40DB714-4F07-4606-914C-E96F4D7630CC}.Release|Any CPU.ActiveCfg = Release|Any CPU
		{B40DB714-4F07-4606-914C-E96F4D7630CC}.Release|Any CPU.Build.0 = Release|Any CPU
	EndGlobalSection
	GlobalSection(SolutionProperties) = preSolution
		HideSolutionNode = FALSE
	EndGlobalSection
	GlobalSection(ExtensibilityGlobals) = postSolution
		SolutionGuid = {422E5033-1709-4CC1-9299-2C560FF297A8}
	EndGlobalSection
EndGlobal
