
Microsoft Visual Studio Solution File, Format Version 12.00
# Visual Studio Version 17
VisualStudioVersion = 17.3.32811.315
MinimumVisualStudioVersion = 10.0.40219.1
Project("{FAE04EC0-301F-11D3-BF4B-00C04F79EFBC}") = "WebApplication1", "WebApplication1\WebApplication1.csproj", "{BCB894FD-1506-44A9-8D98-59B418454A31}"
EndProject
Project("{FAE04EC0-301F-11D3-BF4B-00C04F79EFBC}") = "WebApplication2", "WebApplication2\WebApplication2.csproj", "{EDB0C593-787B-46E6-B459-3181BAB9345C}"
EndProject
Global
	GlobalSection(SolutionConfigurationPlatforms) = preSolution
		Debug|Any CPU = Debug|Any CPU
		Release|Any CPU = Release|Any CPU
	EndGlobalSection
	GlobalSection(ProjectConfigurationPlatforms) = postSolution
		{BCB894FD-1506-44A9-8D98-59B418454A31}.Debug|Any CPU.ActiveCfg = Debug|Any CPU
		{BCB894FD-1506-44A9-8D98-59B418454A31}.Debug|Any CPU.Build.0 = Debug|Any CPU
		{BCB894FD-1506-44A9-8D98-59B418454A31}.Release|Any CPU.ActiveCfg = Release|Any CPU
		{BCB894FD-1506-44A9-8D98-59B418454A31}.Release|Any CPU.Build.0 = Release|Any CPU
		{EDB0C593-787B-46E6-B459-3181BAB9345C}.Debug|Any CPU.ActiveCfg = Debug|Any CPU
		{EDB0C593-787B-46E6-B459-3181BAB9345C}.Debug|Any CPU.Build.0 = Debug|Any CPU
		{EDB0C593-787B-46E6-B459-3181BAB9345C}.Release|Any CPU.ActiveCfg = Release|Any CPU
		{EDB0C593-787B-46E6-B459-3181BAB9345C}.Release|Any CPU.Build.0 = Release|Any CPU
	EndGlobalSection
	GlobalSection(SolutionProperties) = preSolution
		HideSolutionNode = FALSE
	EndGlobalSection
	GlobalSection(ExtensibilityGlobals) = postSolution
		SolutionGuid = {F80E9E82-1BE3-43D8-8C58-4E103F4B4E50}
	EndGlobalSection
EndGlobal
